// !$*UTF8*$!
{
	archiveVersion = 1;
	classes = {
	};
	objectVersion = 77;
	objects = {

/* Begin PBXContainerItemProxy section */
		B9B67AAB2CC170BD0073224E /* PBXContainerItemProxy */ = {
			isa = PBXContainerItemProxy;
			containerPortal = B9B67A8C2CC170BB0073224E /* Project object */;
			proxyType = 1;
			remoteGlobalIDString = B9B67A932CC170BB0073224E;
			remoteInfo = "Destini App";
		};
		B9B67AB52CC170BD0073224E /* PBXContainerItemProxy */ = {
			isa = PBXContainerItemProxy;
			containerPortal = B9B67A8C2CC170BB0073224E /* Project object */;
			proxyType = 1;
			remoteGlobalIDString = B9B67A932CC170BB0073224E;
			remoteInfo = "Destini App";
		};
/* End PBXContainerItemProxy section */

/* Begin PBXFileReference section */
		B9B67A942CC170BB0073224E /* Destini App.app */ = {isa = PBXFileReference; explicitFileType = wrapper.application; includeInIndex = 0; path = "Destini App.app"; sourceTree = BUILT_PRODUCTS_DIR; };
		B9B67AAA2CC170BD0073224E /* Destini AppTests.xctest */ = {isa = PBXFileReference; explicitFileType = wrapper.cfbundle; includeInIndex = 0; path = "Destini AppTests.xctest"; sourceTree = BUILT_PRODUCTS_DIR; };
		B9B67AB42CC170BD0073224E /* Destini AppUITests.xctest */ = {isa = PBXFileReference; explicitFileType = wrapper.cfbundle; includeInIndex = 0; path = "Destini AppUITests.xctest"; sourceTree = BUILT_PRODUCTS_DIR; };
/* End PBXFileReference section */

/* Begin PBXFileSystemSynchronizedBuildFileExceptionSet section */
		B9B67ABC2CC170BD0073224E /* Exceptions for "Destini App" folder in "Destini App" target */ = {
			isa = PBXFileSystemSynchronizedBuildFileExceptionSet;
			membershipExceptions = (
				Info.plist,
			);
			target = B9B67A932CC170BB0073224E /* Destini App */;
		};
/* End PBXFileSystemSynchronizedBuildFileExceptionSet section */

/* Begin PBXFileSystemSynchronizedRootGroup section */
		B9B67A962CC170BB0073224E /* Destini App */ = {
			isa = PBXFileSystemSynchronizedRootGroup;
			exceptions = (
				B9B67ABC2CC170BD0073224E /* Exceptions for "Destini App" folder in "Destini App" target */,
			);
			path = "Destini App";
			sourceTree = "<group>";
		};
		B9B67AAD2CC170BD0073224E /* Destini AppTests */ = {
			isa = PBXFileSystemSynchronizedRootGroup;
			path = "Destini AppTests";
			sourceTree = "<group>";
		};
		B9B67AB72CC170BD0073224E /* Destini AppUITests */ = {
			isa = PBXFileSystemSynchronizedRootGroup;
			path = "Destini AppUITests";
			sourceTree = "<group>";
		};
/* End PBXFileSystemSynchronizedRootGroup section */

/* Begin PBXFrameworksBuildPhase section */
		B9B67A912CC170BB0073224E /* Frameworks */ = {
			isa = PBXFrameworksBuildPhase;
			buildActionMask = 2147483647;
			files = (
			);
			runOnlyForDeploymentPostprocessing = 0;
		};
		B9B67AA72CC170BD0073224E /* Frameworks */ = {
			isa = PBXFrameworksBuildPhase;
			buildActionMask = 2147483647;
			files = (
			);
			runOnlyForDeploymentPostprocessing = 0;
		};
		B9B67AB12CC170BD0073224E /* Frameworks */ = {
			isa = PBXFrameworksBuildPhase;
			buildActionMask = 2147483647;
			files = (
			);
			runOnlyForDeploymentPostprocessing = 0;
		};
/* End PBXFrameworksBuildPhase section */

/* Begin PBXGroup section */
		B9B67A8B2CC170BA0073224E = {
			isa = PBXGroup;
			children = (
				B9B67A962CC170BB0073224E /* Destini App */,
				B9B67AAD2CC170BD0073224E /* Destini AppTests */,
				B9B67AB72CC170BD0073224E /* Destini AppUITests */,
				B9B67A952CC170BB0073224E /* Products */,
			);
			sourceTree = "<group>";
		};
		B9B67A952CC170BB0073224E /* Products */ = {
			isa = PBXGroup;
			children = (
				B9B67A942CC170BB0073224E /* Destini App.app */,
				B9B67AAA2CC170BD0073224E /* Destini AppTests.xctest */,
				B9B67AB42CC170BD0073224E /* Destini AppUITests.xctest */,
			);
			name = Products;
			sourceTree = "<group>";
		};
/* End PBXGroup section */

/* Begin PBXNativeTarget section */
		B9B67A932CC170BB0073224E /* Destini App */ = {
			isa = PBXNativeTarget;
			buildConfigurationList = B9B67ABD2CC170BD0073224E /* Build configuration list for PBXNativeTarget "Destini App" */;
			buildPhases = (
				B9B67A902CC170BB0073224E /* Sources */,
				B9B67A912CC170BB0073224E /* Frameworks */,
				B9B67A922CC170BB0073224E /* Resources */,
			);
			buildRules = (
			);
			dependencies = (
			);
			fileSystemSynchronizedGroups = (
				B9B67A962CC170BB0073224E /* Destini App */,
			);
			name = "Destini App";
			packageProductDependencies = (
			);
			productName = "Destini App";
			productReference = B9B67A942CC170BB0073224E /* Destini App.app */;
			productType = "com.apple.product-type.application";
		};
		B9B67AA92CC170BD0073224E /* Destini AppTests */ = {
			isa = PBXNativeTarget;
			buildConfigurationList = B9B67AC22CC170BD0073224E /* Build configuration list for PBXNativeTarget "Destini AppTests" */;
			buildPhases = (
				B9B67AA62CC170BD0073224E /* Sources */,
				B9B67AA72CC170BD0073224E /* Frameworks */,
				B9B67AA82CC170BD0073224E /* Resources */,
			);
			buildRules = (
			);
			dependencies = (
				B9B67AAC2CC170BD0073224E /* PBXTargetDependency */,
			);
			fileSystemSynchronizedGroups = (
				B9B67AAD2CC170BD0073224E /* Destini AppTests */,
			);
			name = "Destini AppTests";
			packageProductDependencies = (
			);
			productName = "Destini AppTests";
			productReference = B9B67AAA2CC170BD0073224E /* Destini AppTests.xctest */;
			productType = "com.apple.product-type.bundle.unit-test";
		};
		B9B67AB32CC170BD0073224E /* Destini AppUITests */ = {
			isa = PBXNativeTarget;
			buildConfigurationList = B9B67AC52CC170BD0073224E /* Build configuration list for PBXNativeTarget "Destini AppUITests" */;
			buildPhases = (
				B9B67AB02CC170BD0073224E /* Sources */,
				B9B67AB12CC170BD0073224E /* Frameworks */,
				B9B67AB22CC170BD0073224E /* Resources */,
			);
			buildRules = (
			);
			dependencies = (
				B9B67AB62CC170BD0073224E /* PBXTargetDependency */,
			);
			fileSystemSynchronizedGroups = (
				B9B67AB72CC170BD0073224E /* Destini AppUITests */,
			);
			name = "Destini AppUITests";
			packageProductDependencies = (
			);
			productName = "Destini AppUITests";
			productReference = B9B67AB42CC170BD0073224E /* Destini AppUITests.xctest */;
			productType = "com.apple.product-type.bundle.ui-testing";
		};
/* End PBXNativeTarget section */

/* Begin PBXProject section */
		B9B67A8C2CC170BB0073224E /* Project object */ = {
			isa = PBXProject;
			attributes = {
				BuildIndependentTargetsInParallel = 1;
				LastSwiftUpdateCheck = 1600;
				LastUpgradeCheck = 1600;
				TargetAttributes = {
					B9B67A932CC170BB0073224E = {
						CreatedOnToolsVersion = 16.0;
					};
					B9B67AA92CC170BD0073224E = {
						CreatedOnToolsVersion = 16.0;
						TestTargetID = B9B67A932CC170BB0073224E;
					};
					B9B67AB32CC170BD0073224E = {
						CreatedOnToolsVersion = 16.0;
						TestTargetID = B9B67A932CC170BB0073224E;
					};
				};
			};
			buildConfigurationList = B9B67A8F2CC170BB0073224E /* Build configuration list for PBXProject "Destini App" */;
			developmentRegion = en;
			hasScannedForEncodings = 0;
			knownRegions = (
				en,
				Base,
			);
			mainGroup = B9B67A8B2CC170BA0073224E;
			minimizedProjectReferenceProxies = 1;
			preferredProjectObjectVersion = 77;
			productRefGroup = B9B67A952CC170BB0073224E /* Products */;
			projectDirPath = "";
			projectRoot = "";
			targets = (
				B9B67A932CC170BB0073224E /* Destini App */,
				B9B67AA92CC170BD0073224E /* Destini AppTests */,
				B9B67AB32CC170BD0073224E /* Destini AppUITests */,
			);
		};
/* End PBXProject section */

/* Begin PBXResourcesBuildPhase section */
		B9B67A922CC170BB0073224E /* Resources */ = {
			isa = PBXResourcesBuildPhase;
			buildActionMask = 2147483647;
			files = (
			);
			runOnlyForDeploymentPostprocessing = 0;
		};
		B9B67AA82CC170BD0073224E /* Resources */ = {
			isa = PBXResourcesBuildPhase;
			buildActionMask = 2147483647;
			files = (
			);
			runOnlyForDeploymentPostprocessing = 0;
		};
		B9B67AB22CC170BD0073224E /* Resources */ = {
			isa = PBXResourcesBuildPhase;
			buildActionMask = 2147483647;
			files = (
			);
			runOnlyForDeploymentPostprocessing = 0;
		};
/* End PBXResourcesBuildPhase section */

/* Begin PBXSourcesBuildPhase section */
		B9B67A902CC170BB0073224E /* Sources */ = {
			isa = PBXSourcesBuildPhase;
			buildActionMask = 2147483647;
			files = (
			);
			runOnlyForDeploymentPostprocessing = 0;
		};
		B9B67AA62CC170BD0073224E /* Sources */ = {
			isa = PBXSourcesBuildPhase;
			buildActionMask = 2147483647;
			files = (
			);
			runOnlyForDeploymentPostprocessing = 0;
		};
		B9B67AB02CC170BD0073224E /* Sources */ = {
			isa = PBXSourcesBuildPhase;
			buildActionMask = 2147483647;
			files = (
			);
			runOnlyForDeploymentPostprocessing = 0;
		};
/* End PBXSourcesBuildPhase section */

/* Begin PBXTargetDependency section */
		B9B67AAC2CC170BD0073224E /* PBXTargetDependency */ = {
			isa = PBXTargetDependency;
			target = B9B67A932CC170BB0073224E /* Destini App */;
			targetProxy = B9B67AAB2CC170BD0073224E /* PBXContainerItemProxy */;
		};
		B9B67AB62CC170BD0073224E /* PBXTargetDependency */ = {
			isa = PBXTargetDependency;
			target = B9B67A932CC170BB0073224E /* Destini App */;
			targetProxy = B9B67AB52CC170BD0073224E /* PBXContainerItemProxy */;
		};
/* End PBXTargetDependency section */

/* Begin XCBuildConfiguration section */
		B9B67ABE2CC170BD0073224E /* Debug */ = {
			isa = XCBuildConfiguration;
			buildSettings = {
				ASSETCATALOG_COMPILER_APPICON_NAME = AppIcon;
				ASSETCATALOG_COMPILER_GLOBAL_ACCENT_COLOR_NAME = AccentColor;
				CODE_SIGN_STYLE = Automatic;
				CURRENT_PROJECT_VERSION = 1;
				GENERATE_INFOPLIST_FILE = YES;
				INFOPLIST_FILE = "Destini App/Info.plist";
				INFOPLIST_KEY_UIApplicationSupportsIndirectInputEvents = YES;
				INFOPLIST_KEY_UILaunchStoryboardName = LaunchScreen;
				INFOPLIST_KEY_UISupportedInterfaceOrientations_iPad = "UIInterfaceOrientationPortrait UIInterfaceOrientationPortraitUpsideDown UIInterfaceOrientationLandscapeLeft UIInterfaceOrientationLandscapeRight";
				INFOPLIST_KEY_UISupportedInterfaceOrientations_iPhone = "UIInterfaceOrientationPortrait UIInterfaceOrientationLandscapeLeft UIInterfaceOrientationLandscapeRight";
				LD_RUNPATH_SEARCH_PATHS = (
					"$(inherited)",
					"@executable_path/Frameworks",
				);
				MARKETING_VERSION = 1.0;
				PRODUCT_BUNDLE_IDENTIFIER = "com.diaskaussov.Destini-App";
				PRODUCT_NAME = "$(TARGET_NAME)";
				SWIFT_EMIT_LOC_STRINGS = YES;
				SWIFT_VERSION = 5.0;
				TARGETED_DEVICE_FAMILY = "1,2";
			};
			name = Debug;
		};
		B9B67ABF2CC170BD0073224E /* Release */ = {
			isa = XCBuildConfiguration;
			buildSettings = {
				ASSETCATALOG_COMPILER_APPICON_NAME = AppIcon;
				ASSETCATALOG_COMPILER_GLOBAL_ACCENT_COLOR_NAME = AccentColor;
				CODE_SIGN_STYLE = Automatic;
				CURRENT_PROJECT_VERSION = 1;
				GENERATE_INFOPLIST_FILE = YES;
				INFOPLIST_FILE = "Destini App/Info.plist";
				INFOPLIST_KEY_UIApplicationSupportsIndirectInputEvents = YES;
				INFOPLIST_KEY_UILaunchStoryboardName = LaunchScreen;
				INFOPLIST_KEY_UISupportedInterfaceOrientations_iPad = "UIInterfaceOrientationPortrait UIInterfaceOrientationPortraitUpsideDown UIInterfaceOrientationLandscapeLeft UIInterfaceOrientationLandscapeRight";
				INFOPLIST_KEY_UISupportedInterfaceOrientations_iPhone = "UIInterfaceOrientationPortrait UIInterfaceOrientationLandscapeLeft UIInterfaceOrientationLandscapeRight";
				LD_RUNPATH_SEARCH_PATHS = (
					"$(inherited)",
					"@executable_path/Frameworks",
				);
				MARKETING_VERSION = 1.0;
				PRODUCT_BUNDLE_IDENTIFIER = "com.diaskaussov.Destini-App";
				PRODUCT_NAME = "$(TARGET_NAME)";
				SWIFT_EMIT_LOC_STRINGS = YES;
				SWIFT_VERSION = 5.0;
				TARGETED_DEVICE_FAMILY = "1,2";
			};
			name = Release;
		};
		B9B67AC02CC170BD0073224E /* Debug */ = {
			isa = XCBuildConfiguration;
			buildSettings = {
				ALWAYS_SEARCH_USER_PATHS = NO;
				ASSETCATALOG_COMPILER_GENERATE_SWIFT_ASSET_SYMBOL_EXTENSIONS = YES;
				CLANG_ANALYZER_NONNULL = YES;
				CLANG_ANALYZER_NUMBER_OBJECT_CONVERSION = YES_AGGRESSIVE;
				CLANG_CXX_LANGUAGE_STANDARD = "gnu++20";
				CLANG_ENABLE_MODULES = YES;
				CLANG_ENABLE_OBJC_ARC = YES;
				CLANG_ENABLE_OBJC_WEAK = YES;
				CLANG_WARN_BLOCK_CAPTURE_AUTORELEASING = YES;
				CLANG_WARN_BOOL_CONVERSION = YES;
				CLANG_WARN_COMMA = YES;
				CLANG_WARN_CONSTANT_CONVERSION = YES;
				CLANG_WARN_DEPRECATED_OBJC_IMPLEMENTATIONS = YES;
				CLANG_WARN_DIRECT_OBJC_ISA_USAGE = YES_ERROR;
				CLANG_WARN_DOCUMENTATION_COMMENTS = YES;
				CLANG_WARN_EMPTY_BODY = YES;
				CLANG_WARN_ENUM_CONVERSION = YES;
				CLANG_WARN_INFINITE_RECURSION = YES;
				CLANG_WARN_INT_CONVERSION = YES;
				CLANG_WARN_NON_LITERAL_NULL_CONVERSION = YES;
				CLANG_WARN_OBJC_IMPLICIT_RETAIN_SELF = YES;
				CLANG_WARN_OBJC_LITERAL_CONVERSION = YES;
				CLANG_WARN_OBJC_ROOT_CLASS = YES_ERROR;
				CLANG_WARN_QUOTED_INCLUDE_IN_FRAMEWORK_HEADER = YES;
				CLANG_WARN_RANGE_LOOP_ANALYSIS = YES;
				CLANG_WARN_STRICT_PROTOTYPES = YES;
				CLANG_WARN_SUSPICIOUS_MOVE = YES;
				CLANG_WARN_UNGUARDED_AVAILABILITY = YES_AGGRESSIVE;
				CLANG_WARN_UNREACHABLE_CODE = YES;
				CLANG_WARN__DUPLICATE_METHOD_MATCH = YES;
				COPY_PHASE_STRIP = NO;
				DEBUG_INFORMATION_FORMAT = dwarf;
				ENABLE_STRICT_OBJC_MSGSEND = YES;
				ENABLE_TESTABILITY = YES;
				ENABLE_USER_SCRIPT_SANDBOXING = YES;
				GCC_C_LANGUAGE_STANDARD = gnu17;
				GCC_DYNAMIC_NO_PIC = NO;
				GCC_NO_COMMON_BLOCKS = YES;
				GCC_OPTIMIZATION_LEVEL = 0;
				GCC_PREPROCESSOR_DEFINITIONS = (
					"DEBUG=1",
					"$(inherited)",
				);
				GCC_WARN_64_TO_32_BIT_CONVERSION = YES;
				GCC_WARN_ABOUT_RETURN_TYPE = YES_ERROR;
				GCC_WARN_UNDECLARED_SELECTOR = YES;
				GCC_WARN_UNINITIALIZED_AUTOS = YES_AGGRESSIVE;
				GCC_WARN_UNUSED_FUNCTION = YES;
				GCC_WARN_UNUSED_VARIABLE = YES;
				IPHONEOS_DEPLOYMENT_TARGET = 18.0;
				LOCALIZATION_PREFERS_STRING_CATALOGS = YES;
				MTL_ENABLE_DEBUG_INFO = INCLUDE_SOURCE;
				MTL_FAST_MATH = YES;
				ONLY_ACTIVE_ARCH = YES;
				SDKROOT = iphoneos;
				SWIFT_ACTIVE_COMPILATION_CONDITIONS = "DEBUG $(inherited)";
				SWIFT_OPTIMIZATION_LEVEL = "-Onone";
			};
			name = Debug;
		};
		B9B67AC12CC170BD0073224E /* Release */ = {
			isa = XCBuildConfiguration;
			buildSettings = {
				ALWAYS_SEARCH_USER_PATHS = NO;
				ASSETCATALOG_COMPILER_GENERATE_SWIFT_ASSET_SYMBOL_EXTENSIONS = YES;
				CLANG_ANALYZER_NONNULL = YES;
				CLANG_ANALYZER_NUMBER_OBJECT_CONVERSION = YES_AGGRESSIVE;
				CLANG_CXX_LANGUAGE_STANDARD = "gnu++20";
				CLANG_ENABLE_MODULES = YES;
				CLANG_ENABLE_OBJC_ARC = YES;
				CLANG_ENABLE_OBJC_WEAK = YES;
				CLANG_WARN_BLOCK_CAPTURE_AUTORELEASING = YES;
				CLANG_WARN_BOOL_CONVERSION = YES;
				CLANG_WARN_COMMA = YES;
				CLANG_WARN_CONSTANT_CONVERSION = YES;
				CLANG_WARN_DEPRECATED_OBJC_IMPLEMENTATIONS = YES;
				CLANG_WARN_DIRECT_OBJC_ISA_USAGE = YES_ERROR;
				CLANG_WARN_DOCUMENTATION_COMMENTS = YES;
				CLANG_WARN_EMPTY_BODY = YES;
				CLANG_WARN_ENUM_CONVERSION = YES;
				CLANG_WARN_INFINITE_RECURSION = YES;
				CLANG_WARN_INT_CONVERSION = YES;
				CLANG_WARN_NON_LITERAL_NULL_CONVERSION = YES;
				CLANG_WARN_OBJC_IMPLICIT_RETAIN_SELF = YES;
				CLANG_WARN_OBJC_LITERAL_CONVERSION = YES;
				CLANG_WARN_OBJC_ROOT_CLASS = YES_ERROR;
				CLANG_WARN_QUOTED_INCLUDE_IN_FRAMEWORK_HEADER = YES;
				CLANG_WARN_RANGE_LOOP_ANALYSIS = YES;
				CLANG_WARN_STRICT_PROTOTYPES = YES;
				CLANG_WARN_SUSPICIOUS_MOVE = YES;
				CLANG_WARN_UNGUARDED_AVAILABILITY = YES_AGGRESSIVE;
				CLANG_WARN_UNREACHABLE_CODE = YES;
				CLANG_WARN__DUPLICATE_METHOD_MATCH = YES;
				COPY_PHASE_STRIP = NO;
				DEBUG_INFORMATION_FORMAT = "dwarf-with-dsym";
				ENABLE_NS_ASSERTIONS = NO;
				ENABLE_STRICT_OBJC_MSGSEND = YES;
				ENABLE_USER_SCRIPT_SANDBOXING = YES;
				GCC_C_LANGUAGE_STANDARD = gnu17;
				GCC_NO_COMMON_BLOCKS = YES;
				GCC_WARN_64_TO_32_BIT_CONVERSION = YES;
				GCC_WARN_ABOUT_RETURN_TYPE = YES_ERROR;
				GCC_WARN_UNDECLARED_SELECTOR = YES;
				GCC_WARN_UNINITIALIZED_AUTOS = YES_AGGRESSIVE;
				GCC_WARN_UNUSED_FUNCTION = YES;
				GCC_WARN_UNUSED_VARIABLE = YES;
				IPHONEOS_DEPLOYMENT_TARGET = 18.0;
				LOCALIZATION_PREFERS_STRING_CATALOGS = YES;
				MTL_ENABLE_DEBUG_INFO = NO;
				MTL_FAST_MATH = YES;
				SDKROOT = iphoneos;
				SWIFT_COMPILATION_MODE = wholemodule;
				VALIDATE_PRODUCT = YES;
			};
			name = Release;
		};
		B9B67AC32CC170BD0073224E /* Debug */ = {
			isa = XCBuildConfiguration;
			buildSettings = {
				BUNDLE_LOADER = "$(TEST_HOST)";
				CODE_SIGN_STYLE = Automatic;
				CURRENT_PROJECT_VERSION = 1;
				GENERATE_INFOPLIST_FILE = YES;
				IPHONEOS_DEPLOYMENT_TARGET = 18.0;
				MARKETING_VERSION = 1.0;
				PRODUCT_BUNDLE_IDENTIFIER = "com.diaskaussov.Destini-AppTests";
				PRODUCT_NAME = "$(TARGET_NAME)";
				SWIFT_EMIT_LOC_STRINGS = NO;
				SWIFT_VERSION = 5.0;
				TARGETED_DEVICE_FAMILY = "1,2";
				TEST_HOST = "$(BUILT_PRODUCTS_DIR)/Destini App.app/$(BUNDLE_EXECUTABLE_FOLDER_PATH)/Destini App";
			};
			name = Debug;
		};
		B9B67AC42CC170BD0073224E /* Release */ = {
			isa = XCBuildConfiguration;
			buildSettings = {
				BUNDLE_LOADER = "$(TEST_HOST)";
				CODE_SIGN_STYLE = Automatic;
				CURRENT_PROJECT_VERSION = 1;
				GENERATE_INFOPLIST_FILE = YES;
				IPHONEOS_DEPLOYMENT_TARGET = 18.0;
				MARKETING_VERSION = 1.0;
				PRODUCT_BUNDLE_IDENTIFIER = "com.diaskaussov.Destini-AppTests";
				PRODUCT_NAME = "$(TARGET_NAME)";
				SWIFT_EMIT_LOC_STRINGS = NO;
				SWIFT_VERSION = 5.0;
				TARGETED_DEVICE_FAMILY = "1,2";
				TEST_HOST = "$(BUILT_PRODUCTS_DIR)/Destini App.app/$(BUNDLE_EXECUTABLE_FOLDER_PATH)/Destini App";
			};
			name = Release;
		};
		B9B67AC62CC170BD0073224E /* Debug */ = {
			isa = XCBuildConfiguration;
			buildSettings = {
				CODE_SIGN_STYLE = Automatic;
				CURRENT_PROJECT_VERSION = 1;
				GENERATE_INFOPLIST_FILE = YES;
				MARKETING_VERSION = 1.0;
				PRODUCT_BUNDLE_IDENTIFIER = "com.diaskaussov.Destini-AppUITests";
				PRODUCT_NAME = "$(TARGET_NAME)";
				SWIFT_EMIT_LOC_STRINGS = NO;
				SWIFT_VERSION = 5.0;
				TARGETED_DEVICE_FAMILY = "1,2";
				TEST_TARGET_NAME = "Destini App";
			};
			name = Debug;
		};
		B9B67AC72CC170BD0073224E /* Release */ = {
			isa = XCBuildConfiguration;
			buildSettings = {
				CODE_SIGN_STYLE = Automatic;
				CURRENT_PROJECT_VERSION = 1;
				GENERATE_INFOPLIST_FILE = YES;
				MARKETING_VERSION = 1.0;
				PRODUCT_BUNDLE_IDENTIFIER = "com.diaskaussov.Destini-AppUITests";
				PRODUCT_NAME = "$(TARGET_NAME)";
				SWIFT_EMIT_LOC_STRINGS = NO;
				SWIFT_VERSION = 5.0;
				TARGETED_DEVICE_FAMILY = "1,2";
				TEST_TARGET_NAME = "Destini App";
			};
			name = Release;
		};
/* End XCBuildConfiguration section */

/* Begin XCConfigurationList section */
		B9B67A8F2CC170BB0073224E /* Build configuration list for PBXProject "Destini App" */ = {
			isa = XCConfigurationList;
			buildConfigurations = (
				B9B67AC02CC170BD0073224E /* Debug */,
				B9B67AC12CC170BD0073224E /* Release */,
			);
			defaultConfigurationIsVisible = 0;
			defaultConfigurationName = Release;
		};
		B9B67ABD2CC170BD0073224E /* Build configuration list for PBXNativeTarget "Destini App" */ = {
			isa = XCConfigurationList;
			buildConfigurations = (
				B9B67ABE2CC170BD0073224E /* Debug */,
				B9B67ABF2CC170BD0073224E /* Release */,
			);
			defaultConfigurationIsVisible = 0;
			defaultConfigurationName = Release;
		};
		B9B67AC22CC170BD0073224E /* Build configuration list for PBXNativeTarget "Destini AppTests" */ = {
			isa = XCConfigurationList;
			buildConfigurations = (
				B9B67AC32CC170BD0073224E /* Debug */,
				B9B67AC42CC170BD0073224E /* Release */,
			);
			defaultConfigurationIsVisible = 0;
			defaultConfigurationName = Release;
		};
		B9B67AC52CC170BD0073224E /* Build configuration list for PBXNativeTarget "Destini AppUITests" */ = {
			isa = XCConfigurationList;
			buildConfigurations = (
				B9B67AC62CC170BD0073224E /* Debug */,
				B9B67AC72CC170BD0073224E /* Release */,
			);
			defaultConfigurationIsVisible = 0;
			defaultConfigurationName = Release;
		};
/* End XCConfigurationList section */
	};
	rootObject = B9B67A8C2CC170BB0073224E /* Project object */;
}
