// !$*UTF8*$!
{
	archiveVersion = 1;
	classes = {
	};
	objectVersion = 77;
	objects = {

/* Begin PBXContainerItemProxy section */
		B9F614C02CBA595000738A70 /* PBXContainerItemProxy */ = {
			isa = PBXContainerItemProxy;
			containerPortal = B9F614A12CBA594E00738A70 /* Project object */;
			proxyType = 1;
			remoteGlobalIDString = B9F614A82CBA594E00738A70;
			remoteInfo = "Mentor-Menties";
		};
		B9F614CA2CBA595000738A70 /* PBXContainerItemProxy */ = {
			isa = PBXContainerItemProxy;
			containerPortal = B9F614A12CBA594E00738A70 /* Project object */;
			proxyType = 1;
			remoteGlobalIDString = B9F614A82CBA594E00738A70;
			remoteInfo = "Mentor-Menties";
		};
/* End PBXContainerItemProxy section */

/* Begin PBXFileReference section */
		B9F614A92CBA594E00738A70 /* Mentor-Menties.app */ = {isa = PBXFileReference; explicitFileType = wrapper.application; includeInIndex = 0; path = "Mentor-Menties.app"; sourceTree = BUILT_PRODUCTS_DIR; };
		B9F614BF2CBA595000738A70 /* Mentor-MentiesTests.xctest */ = {isa = PBXFileReference; explicitFileType = wrapper.cfbundle; includeInIndex = 0; path = "Mentor-MentiesTests.xctest"; sourceTree = BUILT_PRODUCTS_DIR; };
		B9F614C92CBA595000738A70 /* Mentor-MentiesUITests.xctest */ = {isa = PBXFileReference; explicitFileType = wrapper.cfbundle; includeInIndex = 0; path = "Mentor-MentiesUITests.xctest"; sourceTree = BUILT_PRODUCTS_DIR; };
/* End PBXFileReference section */

/* Begin PBXFileSystemSynchronizedBuildFileExceptionSet section */
		B9F614D12CBA595000738A70 /* Exceptions for "Mentor-Menties" folder in "Mentor-Menties" target */ = {
			isa = PBXFileSystemSynchronizedBuildFileExceptionSet;
			membershipExceptions = (
				Info.plist,
			);
			target = B9F614A82CBA594E00738A70 /* Mentor-Menties */;
		};
/* End PBXFileSystemSynchronizedBuildFileExceptionSet section */

/* Begin PBXFileSystemSynchronizedRootGroup section */
		B9F614AB2CBA594E00738A70 /* Mentor-Menties */ = {
			isa = PBXFileSystemSynchronizedRootGroup;
			exceptions = (
				B9F614D12CBA595000738A70 /* Exceptions for "Mentor-Menties" folder in "Mentor-Menties" target */,
			);
			path = "Mentor-Menties";
			sourceTree = "<group>";
		};
		B9F614C22CBA595000738A70 /* Mentor-MentiesTests */ = {
			isa = PBXFileSystemSynchronizedRootGroup;
			path = "Mentor-MentiesTests";
			sourceTree = "<group>";
		};
		B9F614CC2CBA595000738A70 /* Mentor-MentiesUITests */ = {
			isa = PBXFileSystemSynchronizedRootGroup;
			path = "Mentor-MentiesUITests";
			sourceTree = "<group>";
		};
/* End PBXFileSystemSynchronizedRootGroup section */

/* Begin PBXFrameworksBuildPhase section */
		B9F614A62CBA594E00738A70 /* Frameworks */ = {
			isa = PBXFrameworksBuildPhase;
			buildActionMask = 2147483647;
			files = (
			);
			runOnlyForDeploymentPostprocessing = 0;
		};
		B9F614BC2CBA595000738A70 /* Frameworks */ = {
			isa = PBXFrameworksBuildPhase;
			buildActionMask = 2147483647;
			files = (
			);
			runOnlyForDeploymentPostprocessing = 0;
		};
		B9F614C62CBA595000738A70 /* Frameworks */ = {
			isa = PBXFrameworksBuildPhase;
			buildActionMask = 2147483647;
			files = (
			);
			runOnlyForDeploymentPostprocessing = 0;
		};
/* End PBXFrameworksBuildPhase section */

/* Begin PBXGroup section */
		B9F614A02CBA594E00738A70 = {
			isa = PBXGroup;
			children = (
				B9F614AB2CBA594E00738A70 /* Mentor-Menties */,
				B9F614C22CBA595000738A70 /* Mentor-MentiesTests */,
				B9F614CC2CBA595000738A70 /* Mentor-MentiesUITests */,
				B9F614AA2CBA594E00738A70 /* Products */,
			);
			sourceTree = "<group>";
		};
		B9F614AA2CBA594E00738A70 /* Products */ = {
			isa = PBXGroup;
			children = (
				B9F614A92CBA594E00738A70 /* Mentor-Menties.app */,
				B9F614BF2CBA595000738A70 /* Mentor-MentiesTests.xctest */,
				B9F614C92CBA595000738A70 /* Mentor-MentiesUITests.xctest */,
			);
			name = Products;
			sourceTree = "<group>";
		};
/* End PBXGroup section */

/* Begin PBXNativeTarget section */
		B9F614A82CBA594E00738A70 /* Mentor-Menties */ = {
			isa = PBXNativeTarget;
			buildConfigurationList = B9F614D22CBA595000738A70 /* Build configuration list for PBXNativeTarget "Mentor-Menties" */;
			buildPhases = (
				B9F614A52CBA594E00738A70 /* Sources */,
				B9F614A62CBA594E00738A70 /* Frameworks */,
				B9F614A72CBA594E00738A70 /* Resources */,
			);
			buildRules = (
			);
			dependencies = (
			);
			fileSystemSynchronizedGroups = (
				B9F614AB2CBA594E00738A70 /* Mentor-Menties */,
			);
			name = "Mentor-Menties";
			packageProductDependencies = (
			);
			productName = "Mentor-Menties";
			productReference = B9F614A92CBA594E00738A70 /* Mentor-Menties.app */;
			productType = "com.apple.product-type.application";
		};
		B9F614BE2CBA595000738A70 /* Mentor-MentiesTests */ = {
			isa = PBXNativeTarget;
			buildConfigurationList = B9F614D72CBA595000738A70 /* Build configuration list for PBXNativeTarget "Mentor-MentiesTests" */;
			buildPhases = (
				B9F614BB2CBA595000738A70 /* Sources */,
				B9F614BC2CBA595000738A70 /* Frameworks */,
				B9F614BD2CBA595000738A70 /* Resources */,
			);
			buildRules = (
			);
			dependencies = (
				B9F614C12CBA595000738A70 /* PBXTargetDependency */,
			);
			fileSystemSynchronizedGroups = (
				B9F614C22CBA595000738A70 /* Mentor-MentiesTests */,
			);
			name = "Mentor-MentiesTests";
			packageProductDependencies = (
			);
			productName = "Mentor-MentiesTests";
			productReference = B9F614BF2CBA595000738A70 /* Mentor-MentiesTests.xctest */;
			productType = "com.apple.product-type.bundle.unit-test";
		};
		B9F614C82CBA595000738A70 /* Mentor-MentiesUITests */ = {
			isa = PBXNativeTarget;
			buildConfigurationList = B9F614DA2CBA595000738A70 /* Build configuration list for PBXNativeTarget "Mentor-MentiesUITests" */;
			buildPhases = (
				B9F614C52CBA595000738A70 /* Sources */,
				B9F614C62CBA595000738A70 /* Frameworks */,
				B9F614C72CBA595000738A70 /* Resources */,
			);
			buildRules = (
			);
			dependencies = (
				B9F614CB2CBA595000738A70 /* PBXTargetDependency */,
			);
			fileSystemSynchronizedGroups = (
				B9F614CC2CBA595000738A70 /* Mentor-MentiesUITests */,
			);
			name = "Mentor-MentiesUITests";
			packageProductDependencies = (
			);
			productName = "Mentor-MentiesUITests";
			productReference = B9F614C92CBA595000738A70 /* Mentor-MentiesUITests.xctest */;
			productType = "com.apple.product-type.bundle.ui-testing";
		};
/* End PBXNativeTarget section */

/* Begin PBXProject section */
		B9F614A12CBA594E00738A70 /* Project object */ = {
			isa = PBXProject;
			attributes = {
				BuildIndependentTargetsInParallel = 1;
				LastSwiftUpdateCheck = 1600;
				LastUpgradeCheck = 1600;
				TargetAttributes = {
					B9F614A82CBA594E00738A70 = {
						CreatedOnToolsVersion = 16.0;
					};
					B9F614BE2CBA595000738A70 = {
						CreatedOnToolsVersion = 16.0;
						TestTargetID = B9F614A82CBA594E00738A70;
					};
					B9F614C82CBA595000738A70 = {
						CreatedOnToolsVersion = 16.0;
						TestTargetID = B9F614A82CBA594E00738A70;
					};
				};
			};
			buildConfigurationList = B9F614A42CBA594E00738A70 /* Build configuration list for PBXProject "Mentor-Menties" */;
			developmentRegion = en;
			hasScannedForEncodings = 0;
			knownRegions = (
				en,
				Base,
			);
			mainGroup = B9F614A02CBA594E00738A70;
			minimizedProjectReferenceProxies = 1;
			preferredProjectObjectVersion = 77;
			productRefGroup = B9F614AA2CBA594E00738A70 /* Products */;
			projectDirPath = "";
			projectRoot = "";
			targets = (
				B9F614A82CBA594E00738A70 /* Mentor-Menties */,
				B9F614BE2CBA595000738A70 /* Mentor-MentiesTests */,
				B9F614C82CBA595000738A70 /* Mentor-MentiesUITests */,
			);
		};
/* End PBXProject section */

/* Begin PBXResourcesBuildPhase section */
		B9F614A72CBA594E00738A70 /* Resources */ = {
			isa = PBXResourcesBuildPhase;
			buildActionMask = 2147483647;
			files = (
			);
			runOnlyForDeploymentPostprocessing = 0;
		};
		B9F614BD2CBA595000738A70 /* Resources */ = {
			isa = PBXResourcesBuildPhase;
			buildActionMask = 2147483647;
			files = (
			);
			runOnlyForDeploymentPostprocessing = 0;
		};
		B9F614C72CBA595000738A70 /* Resources */ = {
			isa = PBXResourcesBuildPhase;
			buildActionMask = 2147483647;
			files = (
			);
			runOnlyForDeploymentPostprocessing = 0;
		};
/* End PBXResourcesBuildPhase section */

/* Begin PBXSourcesBuildPhase section */
		B9F614A52CBA594E00738A70 /* Sources */ = {
			isa = PBXSourcesBuildPhase;
			buildActionMask = 2147483647;
			files = (
			);
			runOnlyForDeploymentPostprocessing = 0;
		};
		B9F614BB2CBA595000738A70 /* Sources */ = {
			isa = PBXSourcesBuildPhase;
			buildActionMask = 2147483647;
			files = (
			);
			runOnlyForDeploymentPostprocessing = 0;
		};
		B9F614C52CBA595000738A70 /* Sources */ = {
			isa = PBXSourcesBuildPhase;
			buildActionMask = 2147483647;
			files = (
			);
			runOnlyForDeploymentPostprocessing = 0;
		};
/* End PBXSourcesBuildPhase section */

/* Begin PBXTargetDependency section */
		B9F614C12CBA595000738A70 /* PBXTargetDependency */ = {
			isa = PBXTargetDependency;
			target = B9F614A82CBA594E00738A70 /* Mentor-Menties */;
			targetProxy = B9F614C02CBA595000738A70 /* PBXContainerItemProxy */;
		};
		B9F614CB2CBA595000738A70 /* PBXTargetDependency */ = {
			isa = PBXTargetDependency;
			target = B9F614A82CBA594E00738A70 /* Mentor-Menties */;
			targetProxy = B9F614CA2CBA595000738A70 /* PBXContainerItemProxy */;
		};
/* End PBXTargetDependency section */

/* Begin XCBuildConfiguration section */
		B9F614D32CBA595000738A70 /* Debug */ = {
			isa = XCBuildConfiguration;
			buildSettings = {
				ASSETCATALOG_COMPILER_APPICON_NAME = AppIcon;
				ASSETCATALOG_COMPILER_GLOBAL_ACCENT_COLOR_NAME = AccentColor;
				CODE_SIGN_STYLE = Automatic;
				CURRENT_PROJECT_VERSION = 1;
				GENERATE_INFOPLIST_FILE = YES;
				INFOPLIST_FILE = "Mentor-Menties/Info.plist";
				INFOPLIST_KEY_UIApplicationSupportsIndirectInputEvents = YES;
				INFOPLIST_KEY_UILaunchStoryboardName = LaunchScreen;
				INFOPLIST_KEY_UISupportedInterfaceOrientations_iPad = "UIInterfaceOrientationPortrait UIInterfaceOrientationPortraitUpsideDown UIInterfaceOrientationLandscapeLeft UIInterfaceOrientationLandscapeRight";
				INFOPLIST_KEY_UISupportedInterfaceOrientations_iPhone = "UIInterfaceOrientationPortrait UIInterfaceOrientationLandscapeLeft UIInterfaceOrientationLandscapeRight";
				LD_RUNPATH_SEARCH_PATHS = (
					"$(inherited)",
					"@executable_path/Frameworks",
				);
				MARKETING_VERSION = 1.0;
				PRODUCT_BUNDLE_IDENTIFIER = "com.diaskaussov.Mentor-Menties";
				PRODUCT_NAME = "$(TARGET_NAME)";
				SWIFT_EMIT_LOC_STRINGS = YES;
				SWIFT_VERSION = 5.0;
				TARGETED_DEVICE_FAMILY = "1,2";
			};
			name = Debug;
		};
		B9F614D42CBA595000738A70 /* Release */ = {
			isa = XCBuildConfiguration;
			buildSettings = {
				ASSETCATALOG_COMPILER_APPICON_NAME = AppIcon;
				ASSETCATALOG_COMPILER_GLOBAL_ACCENT_COLOR_NAME = AccentColor;
				CODE_SIGN_STYLE = Automatic;
				CURRENT_PROJECT_VERSION = 1;
				GENERATE_INFOPLIST_FILE = YES;
				INFOPLIST_FILE = "Mentor-Menties/Info.plist";
				INFOPLIST_KEY_UIApplicationSupportsIndirectInputEvents = YES;
				INFOPLIST_KEY_UILaunchStoryboardName = LaunchScreen;
				INFOPLIST_KEY_UISupportedInterfaceOrientations_iPad = "UIInterfaceOrientationPortrait UIInterfaceOrientationPortraitUpsideDown UIInterfaceOrientationLandscapeLeft UIInterfaceOrientationLandscapeRight";
				INFOPLIST_KEY_UISupportedInterfaceOrientations_iPhone = "UIInterfaceOrientationPortrait UIInterfaceOrientationLandscapeLeft UIInterfaceOrientationLandscapeRight";
				LD_RUNPATH_SEARCH_PATHS = (
					"$(inherited)",
					"@executable_path/Frameworks",
				);
				MARKETING_VERSION = 1.0;
				PRODUCT_BUNDLE_IDENTIFIER = "com.diaskaussov.Mentor-Menties";
				PRODUCT_NAME = "$(TARGET_NAME)";
				SWIFT_EMIT_LOC_STRINGS = YES;
				SWIFT_VERSION = 5.0;
				TARGETED_DEVICE_FAMILY = "1,2";
			};
			name = Release;
		};
		B9F614D52CBA595000738A70 /* Debug */ = {
			isa = XCBuildConfiguration;
			buildSettings = {
				ALWAYS_SEARCH_USER_PATHS = NO;
				ASSETCATALOG_COMPILER_GENERATE_SWIFT_ASSET_SYMBOL_EXTENSIONS = YES;
				CLANG_ANALYZER_NONNULL = YES;
				CLANG_ANALYZER_NUMBER_OBJECT_CONVERSION = YES_AGGRESSIVE;
				CLANG_CXX_LANGUAGE_STANDARD = "gnu++20";
				CLANG_ENABLE_MODULES = YES;
				CLANG_ENABLE_OBJC_ARC = YES;
				CLANG_ENABLE_OBJC_WEAK = YES;
				CLANG_WARN_BLOCK_CAPTURE_AUTORELEASING = YES;
				CLANG_WARN_BOOL_CONVERSION = YES;
				CLANG_WARN_COMMA = YES;
				CLANG_WARN_CONSTANT_CONVERSION = YES;
				CLANG_WARN_DEPRECATED_OBJC_IMPLEMENTATIONS = YES;
				CLANG_WARN_DIRECT_OBJC_ISA_USAGE = YES_ERROR;
				CLANG_WARN_DOCUMENTATION_COMMENTS = YES;
				CLANG_WARN_EMPTY_BODY = YES;
				CLANG_WARN_ENUM_CONVERSION = YES;
				CLANG_WARN_INFINITE_RECURSION = YES;
				CLANG_WARN_INT_CONVERSION = YES;
				CLANG_WARN_NON_LITERAL_NULL_CONVERSION = YES;
				CLANG_WARN_OBJC_IMPLICIT_RETAIN_SELF = YES;
				CLANG_WARN_OBJC_LITERAL_CONVERSION = YES;
				CLANG_WARN_OBJC_ROOT_CLASS = YES_ERROR;
				CLANG_WARN_QUOTED_INCLUDE_IN_FRAMEWORK_HEADER = YES;
				CLANG_WARN_RANGE_LOOP_ANALYSIS = YES;
				CLANG_WARN_STRICT_PROTOTYPES = YES;
				CLANG_WARN_SUSPICIOUS_MOVE = YES;
				CLANG_WARN_UNGUARDED_AVAILABILITY = YES_AGGRESSIVE;
				CLANG_WARN_UNREACHABLE_CODE = YES;
				CLANG_WARN__DUPLICATE_METHOD_MATCH = YES;
				COPY_PHASE_STRIP = NO;
				DEBUG_INFORMATION_FORMAT = dwarf;
				ENABLE_STRICT_OBJC_MSGSEND = YES;
				ENABLE_TESTABILITY = YES;
				ENABLE_USER_SCRIPT_SANDBOXING = YES;
				GCC_C_LANGUAGE_STANDARD = gnu17;
				GCC_DYNAMIC_NO_PIC = NO;
				GCC_NO_COMMON_BLOCKS = YES;
				GCC_OPTIMIZATION_LEVEL = 0;
				GCC_PREPROCESSOR_DEFINITIONS = (
					"DEBUG=1",
					"$(inherited)",
				);
				GCC_WARN_64_TO_32_BIT_CONVERSION = YES;
				GCC_WARN_ABOUT_RETURN_TYPE = YES_ERROR;
				GCC_WARN_UNDECLARED_SELECTOR = YES;
				GCC_WARN_UNINITIALIZED_AUTOS = YES_AGGRESSIVE;
				GCC_WARN_UNUSED_FUNCTION = YES;
				GCC_WARN_UNUSED_VARIABLE = YES;
				IPHONEOS_DEPLOYMENT_TARGET = 18.0;
				LOCALIZATION_PREFERS_STRING_CATALOGS = YES;
				MTL_ENABLE_DEBUG_INFO = INCLUDE_SOURCE;
				MTL_FAST_MATH = YES;
				ONLY_ACTIVE_ARCH = YES;
				SDKROOT = iphoneos;
				SWIFT_ACTIVE_COMPILATION_CONDITIONS = "DEBUG $(inherited)";
				SWIFT_OPTIMIZATION_LEVEL = "-Onone";
			};
			name = Debug;
		};
		B9F614D62CBA595000738A70 /* Release */ = {
			isa = XCBuildConfiguration;
			buildSettings = {
				ALWAYS_SEARCH_USER_PATHS = NO;
				ASSETCATALOG_COMPILER_GENERATE_SWIFT_ASSET_SYMBOL_EXTENSIONS = YES;
				CLANG_ANALYZER_NONNULL = YES;
				CLANG_ANALYZER_NUMBER_OBJECT_CONVERSION = YES_AGGRESSIVE;
				CLANG_CXX_LANGUAGE_STANDARD = "gnu++20";
				CLANG_ENABLE_MODULES = YES;
				CLANG_ENABLE_OBJC_ARC = YES;
				CLANG_ENABLE_OBJC_WEAK = YES;
				CLANG_WARN_BLOCK_CAPTURE_AUTORELEASING = YES;
				CLANG_WARN_BOOL_CONVERSION = YES;
				CLANG_WARN_COMMA = YES;
				CLANG_WARN_CONSTANT_CONVERSION = YES;
				CLANG_WARN_DEPRECATED_OBJC_IMPLEMENTATIONS = YES;
				CLANG_WARN_DIRECT_OBJC_ISA_USAGE = YES_ERROR;
				CLANG_WARN_DOCUMENTATION_COMMENTS = YES;
				CLANG_WARN_EMPTY_BODY = YES;
				CLANG_WARN_ENUM_CONVERSION = YES;
				CLANG_WARN_INFINITE_RECURSION = YES;
				CLANG_WARN_INT_CONVERSION = YES;
				CLANG_WARN_NON_LITERAL_NULL_CONVERSION = YES;
				CLANG_WARN_OBJC_IMPLICIT_RETAIN_SELF = YES;
				CLANG_WARN_OBJC_LITERAL_CONVERSION = YES;
				CLANG_WARN_OBJC_ROOT_CLASS = YES_ERROR;
				CLANG_WARN_QUOTED_INCLUDE_IN_FRAMEWORK_HEADER = YES;
				CLANG_WARN_RANGE_LOOP_ANALYSIS = YES;
				CLANG_WARN_STRICT_PROTOTYPES = YES;
				CLANG_WARN_SUSPICIOUS_MOVE = YES;
				CLANG_WARN_UNGUARDED_AVAILABILITY = YES_AGGRESSIVE;
				CLANG_WARN_UNREACHABLE_CODE = YES;
				CLANG_WARN__DUPLICATE_METHOD_MATCH = YES;
				COPY_PHASE_STRIP = NO;
				DEBUG_INFORMATION_FORMAT = "dwarf-with-dsym";
				ENABLE_NS_ASSERTIONS = NO;
				ENABLE_STRICT_OBJC_MSGSEND = YES;
				ENABLE_USER_SCRIPT_SANDBOXING = YES;
				GCC_C_LANGUAGE_STANDARD = gnu17;
				GCC_NO_COMMON_BLOCKS = YES;
				GCC_WARN_64_TO_32_BIT_CONVERSION = YES;
				GCC_WARN_ABOUT_RETURN_TYPE = YES_ERROR;
				GCC_WARN_UNDECLARED_SELECTOR = YES;
				GCC_WARN_UNINITIALIZED_AUTOS = YES_AGGRESSIVE;
				GCC_WARN_UNUSED_FUNCTION = YES;
				GCC_WARN_UNUSED_VARIABLE = YES;
				IPHONEOS_DEPLOYMENT_TARGET = 18.0;
				LOCALIZATION_PREFERS_STRING_CATALOGS = YES;
				MTL_ENABLE_DEBUG_INFO = NO;
				MTL_FAST_MATH = YES;
				SDKROOT = iphoneos;
				SWIFT_COMPILATION_MODE = wholemodule;
				VALIDATE_PRODUCT = YES;
			};
			name = Release;
		};
		B9F614D82CBA595000738A70 /* Debug */ = {
			isa = XCBuildConfiguration;
			buildSettings = {
				BUNDLE_LOADER = "$(TEST_HOST)";
				CODE_SIGN_STYLE = Automatic;
				CURRENT_PROJECT_VERSION = 1;
				GENERATE_INFOPLIST_FILE = YES;
				IPHONEOS_DEPLOYMENT_TARGET = 18.0;
				MARKETING_VERSION = 1.0;
				PRODUCT_BUNDLE_IDENTIFIER = "com.diaskaussov.Mentor-MentiesTests";
				PRODUCT_NAME = "$(TARGET_NAME)";
				SWIFT_EMIT_LOC_STRINGS = NO;
				SWIFT_VERSION = 5.0;
				TARGETED_DEVICE_FAMILY = "1,2";
				TEST_HOST = "$(BUILT_PRODUCTS_DIR)/Mentor-Menties.app/$(BUNDLE_EXECUTABLE_FOLDER_PATH)/Mentor-Menties";
			};
			name = Debug;
		};
		B9F614D92CBA595000738A70 /* Release */ = {
			isa = XCBuildConfiguration;
			buildSettings = {
				BUNDLE_LOADER = "$(TEST_HOST)";
				CODE_SIGN_STYLE = Automatic;
				CURRENT_PROJECT_VERSION = 1;
				GENERATE_INFOPLIST_FILE = YES;
				IPHONEOS_DEPLOYMENT_TARGET = 18.0;
				MARKETING_VERSION = 1.0;
				PRODUCT_BUNDLE_IDENTIFIER = "com.diaskaussov.Mentor-MentiesTests";
				PRODUCT_NAME = "$(TARGET_NAME)";
				SWIFT_EMIT_LOC_STRINGS = NO;
				SWIFT_VERSION = 5.0;
				TARGETED_DEVICE_FAMILY = "1,2";
				TEST_HOST = "$(BUILT_PRODUCTS_DIR)/Mentor-Menties.app/$(BUNDLE_EXECUTABLE_FOLDER_PATH)/Mentor-Menties";
			};
			name = Release;
		};
		B9F614DB2CBA595000738A70 /* Debug */ = {
			isa = XCBuildConfiguration;
			buildSettings = {
				CODE_SIGN_STYLE = Automatic;
				CURRENT_PROJECT_VERSION = 1;
				GENERATE_INFOPLIST_FILE = YES;
				MARKETING_VERSION = 1.0;
				PRODUCT_BUNDLE_IDENTIFIER = "com.diaskaussov.Mentor-MentiesUITests";
				PRODUCT_NAME = "$(TARGET_NAME)";
				SWIFT_EMIT_LOC_STRINGS = NO;
				SWIFT_VERSION = 5.0;
				TARGETED_DEVICE_FAMILY = "1,2";
				TEST_TARGET_NAME = "Mentor-Menties";
			};
			name = Debug;
		};
		B9F614DC2CBA595000738A70 /* Release */ = {
			isa = XCBuildConfiguration;
			buildSettings = {
				CODE_SIGN_STYLE = Automatic;
				CURRENT_PROJECT_VERSION = 1;
				GENERATE_INFOPLIST_FILE = YES;
				MARKETING_VERSION = 1.0;
				PRODUCT_BUNDLE_IDENTIFIER = "com.diaskaussov.Mentor-MentiesUITests";
				PRODUCT_NAME = "$(TARGET_NAME)";
				SWIFT_EMIT_LOC_STRINGS = NO;
				SWIFT_VERSION = 5.0;
				TARGETED_DEVICE_FAMILY = "1,2";
				TEST_TARGET_NAME = "Mentor-Menties";
			};
			name = Release;
		};
/* End XCBuildConfiguration section */

/* Begin XCConfigurationList section */
		B9F614A42CBA594E00738A70 /* Build configuration list for PBXProject "Mentor-Menties" */ = {
			isa = XCConfigurationList;
			buildConfigurations = (
				B9F614D52CBA595000738A70 /* Debug */,
				B9F614D62CBA595000738A70 /* Release */,
			);
			defaultConfigurationIsVisible = 0;
			defaultConfigurationName = Release;
		};
		B9F614D22CBA595000738A70 /* Build configuration list for PBXNativeTarget "Mentor-Menties" */ = {
			isa = XCConfigurationList;
			buildConfigurations = (
				B9F614D32CBA595000738A70 /* Debug */,
				B9F614D42CBA595000738A70 /* Release */,
			);
			defaultConfigurationIsVisible = 0;
			defaultConfigurationName = Release;
		};
		B9F614D72CBA595000738A70 /* Build configuration list for PBXNativeTarget "Mentor-MentiesTests" */ = {
			isa = XCConfigurationList;
			buildConfigurations = (
				B9F614D82CBA595000738A70 /* Debug */,
				B9F614D92CBA595000738A70 /* Release */,
			);
			defaultConfigurationIsVisible = 0;
			defaultConfigurationName = Release;
		};
		B9F614DA2CBA595000738A70 /* Build configuration list for PBXNativeTarget "Mentor-MentiesUITests" */ = {
			isa = XCConfigurationList;
			buildConfigurations = (
				B9F614DB2CBA595000738A70 /* Debug */,
				B9F614DC2CBA595000738A70 /* Release */,
			);
			defaultConfigurationIsVisible = 0;
			defaultConfigurationName = Release;
		};
/* End XCConfigurationList section */
	};
	rootObject = B9F614A12CBA594E00738A70 /* Project object */;
}
